PODS:
  - SwiftHTTP (3.0.1)
  - SwiftyJSON (5.0.1)

DEPENDENCIES:
  - SwiftHTTP
  - SwiftyJSON

SPEC REPOS:
  trunk:
    - SwiftHTTP
    - SwiftyJSON

SPEC CHECKSUMS:
  SwiftHTTP: e94f1aa8cde58637dcc0100f6349de31a3337fde
  SwiftyJSON: 2f33a42c6fbc52764d96f13368585094bfd8aa5e

PODFILE CHECKSUM: 648e9c68c891006f078178955ac178358812d87f

COCOAPODS: 1.11.3
